// !$*UTF8*$!
{
	archiveVersion = 1;
	classes = {
	};
	objectVersion = 48;
	objects = {

/* Begin PBXBuildFile section */
		D86136001EF2CECC008DA89E /* AppDelegate.swift in Sources */ = {isa = PBXBuildFile; fileRef = D86135FF1EF2CECC008DA89E /* AppDelegate.swift */; };
		D86136021EF2CECC008DA89E /* ViewController.swift in Sources */ = {isa = PBXBuildFile; fileRef = D86136011EF2CECC008DA89E /* ViewController.swift */; };
		D86136051EF2CECC008DA89E /* Main.storyboard in Resources */ = {isa = PBXBuildFile; fileRef = D86136031EF2CECC008DA89E /* Main.storyboard */; };
		D86136071EF2CECC008DA89E /* Assets.xcassets in Resources */ = {isa = PBXBuildFile; fileRef = D86136061EF2CECC008DA89E /* Assets.xcassets */; };
		D861360A1EF2CECC008DA89E /* LaunchScreen.storyboard in Resources */ = {isa = PBXBuildFile; fileRef = D86136081EF2CECC008DA89E /* LaunchScreen.storyboard */; };
		D86136151EF2CFC9008DA89E /* ZoomAnimationController.swift in Sources */ = {isa = PBXBuildFile; fileRef = D86136141EF2CFC9008DA89E /* ZoomAnimationController.swift */; };
/* End PBXBuildFile section */

/* Begin PBXFileReference section */
		D86135FC1EF2CECC008DA89E /* Transition.app */ = {isa = PBXFileReference; explicitFileType = wrapper.application; includeInIndex = 0; path = Transition.app; sourceTree = BUILT_PRODUCTS_DIR; };
		D86135FF1EF2CECC008DA89E /* AppDelegate.swift */ = {isa = PBXFileReference; lastKnownFileType = sourcecode.swift; path = AppDelegate.swift; sourceTree = "<group>"; };
		D86136011EF2CECC008DA89E /* ViewController.swift */ = {isa = PBXFileReference; lastKnownFileType = sourcecode.swift; path = ViewController.swift; sourceTree = "<group>"; };
		D86136041EF2CECC008DA89E /* Base */ = {isa = PBXFileReference; lastKnownFileType = file.storyboard; name = Base; path = Base.lproj/Main.storyboard; sourceTree = "<group>"; };
		D86136061EF2CECC008DA89E /* Assets.xcassets */ = {isa = PBXFileReference; lastKnownFileType = folder.assetcatalog; path = Assets.xcassets; sourceTree = "<group>"; };
		D86136091EF2CECC008DA89E /* Base */ = {isa = PBXFileReference; lastKnownFileType = file.storyboard; name = Base; path = Base.lproj/LaunchScreen.storyboard; sourceTree = "<group>"; };
		D861360B1EF2CECC008DA89E /* Info.plist */ = {isa = PBXFileReference; lastKnownFileType = text.plist.xml; path = Info.plist; sourceTree = "<group>"; };
		D86136141EF2CFC9008DA89E /* ZoomAnimationController.swift */ = {isa = PBXFileReference; lastKnownFileType = sourcecode.swift; path = ZoomAnimationController.swift; sourceTree = "<group>"; };
/* End PBXFileReference section */

/* Begin PBXFrameworksBuildPhase section */
		D86135F91EF2CECC008DA89E /* Frameworks */ = {
			isa = PBXFrameworksBuildPhase;
			buildActionMask = 2147483647;
			files = (
			);
			runOnlyForDeploymentPostprocessing = 0;
		};
/* End PBXFrameworksBuildPhase section */

/* Begin PBXGroup section */
		D86135F31EF2CECC008DA89E = {
			isa = PBXGroup;
			children = (
				D86135FE1EF2CECC008DA89E /* Transition */,
				D86135FD1EF2CECC008DA89E /* Products */,
			);
			sourceTree = "<group>";
		};
		D86135FD1EF2CECC008DA89E /* Products */ = {
			isa = PBXGroup;
			children = (
				D86135FC1EF2CECC008DA89E /* Transition.app */,
			);
			name = Products;
			sourceTree = "<group>";
		};
		D86135FE1EF2CECC008DA89E /* Transition */ = {
			isa = PBXGroup;
			children = (
				D86135FF1EF2CECC008DA89E /* AppDelegate.swift */,
				D86136031EF2CECC008DA89E /* Main.storyboard */,
				D86136121EF2CF4A008DA89E /* ViewController */,
				D86136111EF2CF0E008DA89E /* AnimationController */,
				D86136131EF2CF5B008DA89E /* SupportingFiles */,
			);
			path = Transition;
			sourceTree = "<group>";
		};
		D86136111EF2CF0E008DA89E /* AnimationController */ = {
			isa = PBXGroup;
			children = (
				D86136141EF2CFC9008DA89E /* ZoomAnimationController.swift */,
			);
			path = AnimationController;
			sourceTree = "<group>";
		};
		D86136121EF2CF4A008DA89E /* ViewController */ = {
			isa = PBXGroup;
			children = (
				D86136011EF2CECC008DA89E /* ViewController.swift */,
			);
			path = ViewController;
			sourceTree = "<group>";
		};
		D86136131EF2CF5B008DA89E /* SupportingFiles */ = {
			isa = PBXGroup;
			children = (
				D861360B1EF2CECC008DA89E /* Info.plist */,
				D86136081EF2CECC008DA89E /* LaunchScreen.storyboard */,
				D86136061EF2CECC008DA89E /* Assets.xcassets */,
			);
			name = SupportingFiles;
			sourceTree = "<group>";
		};
/* End PBXGroup section */

/* Begin PBXNativeTarget section */
		D86135FB1EF2CECC008DA89E /* Transition */ = {
			isa = PBXNativeTarget;
			buildConfigurationList = D861360E1EF2CECC008DA89E /* Build configuration list for PBXNativeTarget "Transition" */;
			buildPhases = (
				D86135F81EF2CECC008DA89E /* Sources */,
				D86135F91EF2CECC008DA89E /* Frameworks */,
				D86135FA1EF2CECC008DA89E /* Resources */,
			);
			buildRules = (
			);
			dependencies = (
			);
			name = Transition;
			productName = Transition;
			productReference = D86135FC1EF2CECC008DA89E /* Transition.app */;
			productType = "com.apple.product-type.application";
		};
/* End PBXNativeTarget section */

/* Begin PBXProject section */
		D86135F41EF2CECC008DA89E /* Project object */ = {
			isa = PBXProject;
			attributes = {
				LastSwiftUpdateCheck = 0900;
				LastUpgradeCheck = 0900;
				ORGANIZATIONNAME = "Supakit Thanadittagorn";
				TargetAttributes = {
					D86135FB1EF2CECC008DA89E = {
						CreatedOnToolsVersion = 9.0;
					};
				};
			};
			buildConfigurationList = D86135F71EF2CECC008DA89E /* Build configuration list for PBXProject "Transition" */;
			compatibilityVersion = "Xcode 8.0";
			developmentRegion = en;
			hasScannedForEncodings = 0;
			knownRegions = (
				en,
				Base,
			);
			mainGroup = D86135F31EF2CECC008DA89E;
			productRefGroup = D86135FD1EF2CECC008DA89E /* Products */;
			projectDirPath = "";
			projectRoot = "";
			targets = (
				D86135FB1EF2CECC008DA89E /* Transition */,
			);
		};
/* End PBXProject section */

/* Begin PBXResourcesBuildPhase section */
		D86135FA1EF2CECC008DA89E /* Resources */ = {
			isa = PBXResourcesBuildPhase;
			buildActionMask = 2147483647;
			files = (
				D861360A1EF2CECC008DA89E /* LaunchScreen.storyboard in Resources */,
				D86136071EF2CECC008DA89E /* Assets.xcassets in Resources */,
				D86136051EF2CECC008DA89E /* Main.storyboard in Resources */,
			);
			runOnlyForDeploymentPostprocessing = 0;
		};
/* End PBXResourcesBuildPhase section */

/* Begin PBXSourcesBuildPhase section */
		D86135F81EF2CECC008DA89E /* Sources */ = {
			isa = PBXSourcesBuildPhase;
			buildActionMask = 2147483647;
			files = (
				D86136151EF2CFC9008DA89E /* ZoomAnimationController.swift in Sources */,
				D86136021EF2CECC008DA89E /* ViewController.swift in Sources */,
				D86136001EF2CECC008DA89E /* AppDelegate.swift in Sources */,
			);
			runOnlyForDeploymentPostprocessing = 0;
		};
/* End PBXSourcesBuildPhase section */

/* Begin PBXVariantGroup section */
		D86136031EF2CECC008DA89E /* Main.storyboard */ = {
			isa = PBXVariantGroup;
			children = (
				D86136041EF2CECC008DA89E /* Base */,
			);
			name = Main.storyboard;
			sourceTree = "<group>";
		};
		D86136081EF2CECC008DA89E /* LaunchScreen.storyboard */ = {
			isa = PBXVariantGroup;
			children = (
				D86136091EF2CECC008DA89E /* Base */,
			);
			name = LaunchScreen.storyboard;
			sourceTree = "<group>";
		};
/* End PBXVariantGroup section */

/* Begin XCBuildConfiguration section */
		D861360C1EF2CECC008DA89E /* Debug */ = {
			isa = XCBuildConfiguration;
			buildSettings = {
				ALWAYS_SEARCH_USER_PATHS = NO;
				CLANG_ANALYZER_NONNULL = YES;
				CLANG_ANALYZER_NUMBER_OBJECT_CONVERSION = YES_AGGRESSIVE;
				CLANG_CXX_LANGUAGE_STANDARD = "gnu++14";
				CLANG_CXX_LIBRARY = "libc++";
				CLANG_ENABLE_MODULES = YES;
				CLANG_ENABLE_OBJC_ARC = YES;
				CLANG_WARN_BLOCK_CAPTURE_AUTORELEASING = YES;
				CLANG_WARN_BOOL_CONVERSION = YES;
				CLANG_WARN_COMMA = YES;
				CLANG_WARN_CONSTANT_CONVERSION = YES;
				CLANG_WARN_DIRECT_OBJC_ISA_USAGE = YES_ERROR;
				CLANG_WARN_DOCUMENTATION_COMMENTS = YES;
				CLANG_WARN_EMPTY_BODY = YES;
				CLANG_WARN_ENUM_CONVERSION = YES;
				CLANG_WARN_INFINITE_RECURSION = YES;
				CLANG_WARN_INT_CONVERSION = YES;
				CLANG_WARN_OBJC_ROOT_CLASS = YES_ERROR;
				CLANG_WARN_RANGE_LOOP_ANALYSIS = YES;
				CLANG_WARN_STRICT_PROTOTYPES = YES;
				CLANG_WARN_SUSPICIOUS_MOVE = YES;
				CLANG_WARN_UNGUARDED_AVAILABILITY = YES_AGGRESSIVE;
				CLANG_WARN_UNREACHABLE_CODE = YES;
				CLANG_WARN__DUPLICATE_METHOD_MATCH = YES;
				CODE_SIGN_IDENTITY = "iPhone Developer";
				COPY_PHASE_STRIP = NO;
				DEBUG_INFORMATION_FORMAT = dwarf;
				ENABLE_STRICT_OBJC_MSGSEND = YES;
				ENABLE_TESTABILITY = YES;
				GCC_C_LANGUAGE_STANDARD = gnu11;
				GCC_DYNAMIC_NO_PIC = NO;
				GCC_NO_COMMON_BLOCKS = YES;
				GCC_OPTIMIZATION_LEVEL = 0;
				GCC_PREPROCESSOR_DEFINITIONS = (
					"DEBUG=1",
					"$(inherited)",
				);
				GCC_WARN_64_TO_32_BIT_CONVERSION = YES;
				GCC_WARN_ABOUT_RETURN_TYPE = YES_ERROR;
				GCC_WARN_UNDECLARED_SELECTOR = YES;
				GCC_WARN_UNINITIALIZED_AUTOS = YES_AGGRESSIVE;
				GCC_WARN_UNUSED_FUNCTION = YES;
				GCC_WARN_UNUSED_VARIABLE = YES;
				IPHONEOS_DEPLOYMENT_TARGET = 11.0;
				MTL_ENABLE_DEBUG_INFO = YES;
				ONLY_ACTIVE_ARCH = YES;
				SDKROOT = iphoneos;
				SWIFT_ACTIVE_COMPILATION_CONDITIONS = DEBUG;
				SWIFT_OPTIMIZATION_LEVEL = "-Onone";
			};
			name = Debug;
		};
		D861360D1EF2CECC008DA89E /* Release */ = {
			isa = XCBuildConfiguration;
			buildSettings = {
				ALWAYS_SEARCH_USER_PATHS = NO;
				CLANG_ANALYZER_NONNULL = YES;
				CLANG_ANALYZER_NUMBER_OBJECT_CONVERSION = YES_AGGRESSIVE;
				CLANG_CXX_LANGUAGE_STANDARD = "gnu++14";
				CLANG_CXX_LIBRARY = "libc++";
				CLANG_ENABLE_MODULES = YES;
				CLANG_ENABLE_OBJC_ARC = YES;
				CLANG_WARN_BLOCK_CAPTURE_AUTORELEASING = YES;
				CLANG_WARN_BOOL_CONVERSION = YES;
				CLANG_WARN_COMMA = YES;
				CLANG_WARN_CONSTANT_CONVERSION = YES;
				CLANG_WARN_DIRECT_OBJC_ISA_USAGE = YES_ERROR;
				CLANG_WARN_DOCUMENTATION_COMMENTS = YES;
				CLANG_WARN_EMPTY_BODY = YES;
				CLANG_WARN_ENUM_CONVERSION = YES;
				CLANG_WARN_INFINITE_RECURSION = YES;
				CLANG_WARN_INT_CONVERSION = YES;
				CLANG_WARN_OBJC_ROOT_CLASS = YES_ERROR;
				CLANG_WARN_RANGE_LOOP_ANALYSIS = YES;
				CLANG_WARN_STRICT_PROTOTYPES = YES;
				CLANG_WARN_SUSPICIOUS_MOVE = YES;
				CLANG_WARN_UNGUARDED_AVAILABILITY = YES_AGGRESSIVE;
				CLANG_WARN_UNREACHABLE_CODE = YES;
				CLANG_WARN__DUPLICATE_METHOD_MATCH = YES;
				CODE_SIGN_IDENTITY = "iPhone Developer";
				COPY_PHASE_STRIP = NO;
				DEBUG_INFORMATION_FORMAT = "dwarf-with-dsym";
				ENABLE_NS_ASSERTIONS = NO;
				ENABLE_STRICT_OBJC_MSGSEND = YES;
				GCC_C_LANGUAGE_STANDARD = gnu11;
				GCC_NO_COMMON_BLOCKS = YES;
				GCC_WARN_64_TO_32_BIT_CONVERSION = YES;
				GCC_WARN_ABOUT_RETURN_TYPE = YES_ERROR;
				GCC_WARN_UNDECLARED_SELECTOR = YES;
				GCC_WARN_UNINITIALIZED_AUTOS = YES_AGGRESSIVE;
				GCC_WARN_UNUSED_FUNCTION = YES;
				GCC_WARN_UNUSED_VARIABLE = YES;
				IPHONEOS_DEPLOYMENT_TARGET = 11.0;
				MTL_ENABLE_DEBUG_INFO = NO;
				SDKROOT = iphoneos;
				SWIFT_OPTIMIZATION_LEVEL = "-Owholemodule";
				VALIDATE_PRODUCT = YES;
			};
			name = Release;
		};
		D861360F1EF2CECC008DA89E /* Debug */ = {
			isa = XCBuildConfiguration;
			buildSettings = {
				ASSETCATALOG_COMPILER_APPICON_NAME = AppIcon;
				DEVELOPMENT_TEAM = 934E82A6FW;
				INFOPLIST_FILE = Transition/Info.plist;
				LD_RUNPATH_SEARCH_PATHS = "$(inherited) @executable_path/Frameworks";
				PRODUCT_BUNDLE_IDENTIFIER = com.supakit.Transition;
				PRODUCT_NAME = "$(TARGET_NAME)";
				SWIFT_VERSION = 4.0;
				TARGETED_DEVICE_FAMILY = "1,2";
			};
			name = Debug;
		};
		D86136101EF2CECC008DA89E /* Release */ = {
			isa = XCBuildConfiguration;
			buildSettings = {
				ASSETCATALOG_COMPILER_APPICON_NAME = AppIcon;
				DEVELOPMENT_TEAM = 934E82A6FW;
				INFOPLIST_FILE = Transition/Info.plist;
				LD_RUNPATH_SEARCH_PATHS = "$(inherited) @executable_path/Frameworks";
				PRODUCT_BUNDLE_IDENTIFIER = com.supakit.Transition;
				PRODUCT_NAME = "$(TARGET_NAME)";
				SWIFT_VERSION = 4.0;
				TARGETED_DEVICE_FAMILY = "1,2";
			};
			name = Release;
		};
/* End XCBuildConfiguration section */

/* Begin XCConfigurationList section */
		D86135F71EF2CECC008DA89E /* Build configuration list for PBXProject "Transition" */ = {
			isa = XCConfigurationList;
			buildConfigurations = (
				D861360C1EF2CECC008DA89E /* Debug */,
				D861360D1EF2CECC008DA89E /* Release */,
			);
			defaultConfigurationIsVisible = 0;
			defaultConfigurationName = Release;
		};
		D861360E1EF2CECC008DA89E /* Build configuration list for PBXNativeTarget "Transition" */ = {
			isa = XCConfigurationList;
			buildConfigurations = (
				D861360F1EF2CECC008DA89E /* Debug */,
				D86136101EF2CECC008DA89E /* Release */,
			);
			defaultConfigurationIsVisible = 0;
			defaultConfigurationName = Release;
		};
/* End XCConfigurationList section */
	};
	rootObject = D86135F41EF2CECC008DA89E /* Project object */;
}
